
Microsoft Visual Studio Solution File, Format Version 12.00
# Visual Studio 15
VisualStudioVersion = 15.0.27703.2018
MinimumVisualStudioVersion = 10.0.40219.1
Project("{9A19103F-16F7-4668-BE54-9A1E7A4F7556}") = "WebView", "WebView\WebView.csproj", "{7C9A92EB-667E-4534-B913-C6A950BB95B2}"
EndProject
Project("{FAE04EC0-301F-11D3-BF4B-00C04F79EFBC}") = "MobileView", "MobileView\MobileView.csproj", "{19F69E79-53AF-4505-BCFB-A25BF3995853}"
EndProject
Global
	GlobalSection(SolutionConfigurationPlatforms) = preSolution
		Ad-Hoc|Any CPU = Ad-Hoc|Any CPU
		Ad-Hoc|iPhone = Ad-Hoc|iPhone
		Ad-Hoc|iPhoneSimulator = Ad-Hoc|iPhoneSimulator
		AppStore|Any CPU = AppStore|Any CPU
		AppStore|iPhone = AppStore|iPhone
		AppStore|iPhoneSimulator = AppStore|iPhoneSimulator
		Debug|Any CPU = Debug|Any CPU
		Debug|iPhone = Debug|iPhone
		Debug|iPhoneSimulator = Debug|iPhoneSimulator
		Release|Any CPU = Release|Any CPU
		Release|iPhone = Release|iPhone
		Release|iPhoneSimulator = Release|iPhoneSimulator
	EndGlobalSection
	GlobalSection(ProjectConfigurationPlatforms) = postSolution
		{7C9A92EB-667E-4534-B913-C6A950BB95B2}.Ad-Hoc|Any CPU.ActiveCfg = Release|Any CPU
		{7C9A92EB-667E-4534-B913-C6A950BB95B2}.Ad-Hoc|Any CPU.Build.0 = Release|Any CPU
		{7C9A92EB-667E-4534-B913-C6A950BB95B2}.Ad-Hoc|iPhone.ActiveCfg = Release|Any CPU
		{7C9A92EB-667E-4534-B913-C6A950BB95B2}.Ad-Hoc|iPhone.Build.0 = Release|Any CPU
		{7C9A92EB-667E-4534-B913-C6A950BB95B2}.Ad-Hoc|iPhoneSimulator.ActiveCfg = Release|Any CPU
		{7C9A92EB-667E-4534-B913-C6A950BB95B2}.Ad-Hoc|iPhoneSimulator.Build.0 = Release|Any CPU
		{7C9A92EB-667E-4534-B913-C6A950BB95B2}.AppStore|Any CPU.ActiveCfg = Release|Any CPU
		{7C9A92EB-667E-4534-B913-C6A950BB95B2}.AppStore|Any CPU.Build.0 = Release|Any CPU
		{7C9A92EB-667E-4534-B913-C6A950BB95B2}.AppStore|iPhone.ActiveCfg = Release|Any CPU
		{7C9A92EB-667E-4534-B913-C6A950BB95B2}.AppStore|iPhone.Build.0 = Release|Any CPU
		{7C9A92EB-667E-4534-B913-C6A950BB95B2}.AppStore|iPhoneSimulator.ActiveCfg = Release|Any CPU
		{7C9A92EB-667E-4534-B913-C6A950BB95B2}.AppStore|iPhoneSimulator.Build.0 = Release|Any CPU
		{7C9A92EB-667E-4534-B913-C6A950BB95B2}.Debug|Any CPU.ActiveCfg = Debug|Any CPU
		{7C9A92EB-667E-4534-B913-C6A950BB95B2}.Debug|Any CPU.Build.0 = Debug|Any CPU
		{7C9A92EB-667E-4534-B913-C6A950BB95B2}.Debug|iPhone.ActiveCfg = Debug|Any CPU
		{7C9A92EB-667E-4534-B913-C6A950BB95B2}.Debug|iPhone.Build.0 = Debug|Any CPU
		{7C9A92EB-667E-4534-B913-C6A950BB95B2}.Debug|iPhoneSimulator.ActiveCfg = Debug|Any CPU
		{7C9A92EB-667E-4534-B913-C6A950BB95B2}.Debug|iPhoneSimulator.Build.0 = Debug|Any CPU
		{7C9A92EB-667E-4534-B913-C6A950BB95B2}.Release|Any CPU.ActiveCfg = Release|Any CPU
		{7C9A92EB-667E-4534-B913-C6A950BB95B2}.Release|Any CPU.Build.0 = Release|Any CPU
		{7C9A92EB-667E-4534-B913-C6A950BB95B2}.Release|iPhone.ActiveCfg = Release|Any CPU
		{7C9A92EB-667E-4534-B913-C6A950BB95B2}.Release|iPhone.Build.0 = Release|Any CPU
		{7C9A92EB-667E-4534-B913-C6A950BB95B2}.Release|iPhoneSimulator.ActiveCfg = Release|Any CPU
		{7C9A92EB-667E-4534-B913-C6A950BB95B2}.Release|iPhoneSimulator.Build.0 = Release|Any CPU
		{19F69E79-53AF-4505-BCFB-A25BF3995853}.Ad-Hoc|Any CPU.ActiveCfg = Release|Any CPU
		{19F69E79-53AF-4505-BCFB-A25BF3995853}.Ad-Hoc|Any CPU.Build.0 = Release|Any CPU
		{19F69E79-53AF-4505-BCFB-A25BF3995853}.Ad-Hoc|Any CPU.Deploy.0 = Release|Any CPU
		{19F69E79-53AF-4505-BCFB-A25BF3995853}.Ad-Hoc|iPhone.ActiveCfg = Release|Any CPU
		{19F69E79-53AF-4505-BCFB-A25BF3995853}.Ad-Hoc|iPhone.Build.0 = Release|Any CPU
		{19F69E79-53AF-4505-BCFB-A25BF3995853}.Ad-Hoc|iPhone.Deploy.0 = Release|Any CPU
		{19F69E79-53AF-4505-BCFB-A25BF3995853}.Ad-Hoc|iPhoneSimulator.ActiveCfg = Release|Any CPU
		{19F69E79-53AF-4505-BCFB-A25BF3995853}.Ad-Hoc|iPhoneSimulator.Build.0 = Release|Any CPU
		{19F69E79-53AF-4505-BCFB-A25BF3995853}.Ad-Hoc|iPhoneSimulator.Deploy.0 = Release|Any CPU
		{19F69E79-53AF-4505-BCFB-A25BF3995853}.AppStore|Any CPU.ActiveCfg = Release|Any CPU
		{19F69E79-53AF-4505-BCFB-A25BF3995853}.AppStore|Any CPU.Build.0 = Release|Any CPU
		{19F69E79-53AF-4505-BCFB-A25BF3995853}.AppStore|Any CPU.Deploy.0 = Release|Any CPU
		{19F69E79-53AF-4505-BCFB-A25BF3995853}.AppStore|iPhone.ActiveCfg = Release|Any CPU
		{19F69E79-53AF-4505-BCFB-A25BF3995853}.AppStore|iPhone.Build.0 = Release|Any CPU
		{19F69E79-53AF-4505-BCFB-A25BF3995853}.AppStore|iPhone.Deploy.0 = Release|Any CPU
		{19F69E79-53AF-4505-BCFB-A25BF3995853}.AppStore|iPhoneSimulator.ActiveCfg = Release|Any CPU
		{19F69E79-53AF-4505-BCFB-A25BF3995853}.AppStore|iPhoneSimulator.Build.0 = Release|Any CPU
		{19F69E79-53AF-4505-BCFB-A25BF3995853}.AppStore|iPhoneSimulator.Deploy.0 = Release|Any CPU
		{19F69E79-53AF-4505-BCFB-A25BF3995853}.Debug|Any CPU.ActiveCfg = Debug|Any CPU
		{19F69E79-53AF-4505-BCFB-A25BF3995853}.Debug|Any CPU.Build.0 = Debug|Any CPU
		{19F69E79-53AF-4505-BCFB-A25BF3995853}.Debug|Any CPU.Deploy.0 = Debug|Any CPU
		{19F69E79-53AF-4505-BCFB-A25BF3995853}.Debug|iPhone.ActiveCfg = Debug|Any CPU
		{19F69E79-53AF-4505-BCFB-A25BF3995853}.Debug|iPhone.Build.0 = Debug|Any CPU
		{19F69E79-53AF-4505-BCFB-A25BF3995853}.Debug|iPhone.Deploy.0 = Debug|Any CPU
		{19F69E79-53AF-4505-BCFB-A25BF3995853}.Debug|iPhoneSimulator.ActiveCfg = Debug|Any CPU
		{19F69E79-53AF-4505-BCFB-A25BF3995853}.Debug|iPhoneSimulator.Build.0 = Debug|Any CPU
		{19F69E79-53AF-4505-BCFB-A25BF3995853}.Debug|iPhoneSimulator.Deploy.0 = Debug|Any CPU
		{19F69E79-53AF-4505-BCFB-A25BF3995853}.Release|Any CPU.ActiveCfg = Release|Any CPU
		{19F69E79-53AF-4505-BCFB-A25BF3995853}.Release|Any CPU.Build.0 = Release|Any CPU
		{19F69E79-53AF-4505-BCFB-A25BF3995853}.Release|Any CPU.Deploy.0 = Release|Any CPU
		{19F69E79-53AF-4505-BCFB-A25BF3995853}.Release|iPhone.ActiveCfg = Release|Any CPU
		{19F69E79-53AF-4505-BCFB-A25BF3995853}.Release|iPhone.Build.0 = Release|Any CPU
		{19F69E79-53AF-4505-BCFB-A25BF3995853}.Release|iPhone.Deploy.0 = Release|Any CPU
		{19F69E79-53AF-4505-BCFB-A25BF3995853}.Release|iPhoneSimulator.ActiveCfg = Release|Any CPU
		{19F69E79-53AF-4505-BCFB-A25BF3995853}.Release|iPhoneSimulator.Build.0 = Release|Any CPU
		{19F69E79-53AF-4505-BCFB-A25BF3995853}.Release|iPhoneSimulator.Deploy.0 = Release|Any CPU
	EndGlobalSection
	GlobalSection(SolutionProperties) = preSolution
		HideSolutionNode = FALSE
	EndGlobalSection
	GlobalSection(ExtensibilityGlobals) = postSolution
		SolutionGuid = {D786912A-4F77-4ED1-9EBC-48B4350FF23C}
	EndGlobalSection
EndGlobal
